
Microsoft Visual Studio Solution File, Format Version 12.00
# Visual Studio Version 16
VisualStudioVersion = 16.0.29926.136
MinimumVisualStudioVersion = 10.0.40219.1
Project("{FAE04EC0-301F-11D3-BF4B-00C04F79EFBC}") = "15-06-2020", "15-06-2020\15-06-2020.csproj", "{FF7094EA-D874-4D02-A151-82E5B101340F}"
EndProject
Global
	GlobalSection(SolutionConfigurationPlatforms) = preSolution
		Debug|Any CPU = Debug|Any CPU
		Release|Any CPU = Release|Any CPU
	EndGlobalSection
	GlobalSection(ProjectConfigurationPlatforms) = postSolution
		{FF7094EA-D874-4D02-A151-82E5B101340F}.Debug|Any CPU.ActiveCfg = Debug|Any CPU
		{FF7094EA-D874-4D02-A151-82E5B101340F}.Debug|Any CPU.Build.0 = Debug|Any CPU
		{FF7094EA-D874-4D02-A151-82E5B101340F}.Release|Any CPU.ActiveCfg = Release|Any CPU
		{FF7094EA-D874-4D02-A151-82E5B101340F}.Release|Any CPU.Build.0 = Release|Any CPU
	EndGlobalSection
	GlobalSection(SolutionProperties) = preSolution
		HideSolutionNode = FALSE
	EndGlobalSection
	GlobalSection(ExtensibilityGlobals) = postSolution
		SolutionGuid = {8B3CEE90-DDA4-4721-BB63-610C504662A9}
	EndGlobalSection
EndGlobal
