
Microsoft Visual Studio Solution File, Format Version 12.00
# Visual Studio Version 16
VisualStudioVersion = 16.0.29926.136
MinimumVisualStudioVersion = 10.0.40219.1
Project("{FAE04EC0-301F-11D3-BF4B-00C04F79EFBC}") = "AuthenticationTemp", "AuthenticationTemp\AuthenticationTemp.csproj", "{0B8E5C01-156A-448E-8E83-F8BDEF94C9C4}"
EndProject
Global
	GlobalSection(SolutionConfigurationPlatforms) = preSolution
		Debug|Any CPU = Debug|Any CPU
		Release|Any CPU = Release|Any CPU
	EndGlobalSection
	GlobalSection(ProjectConfigurationPlatforms) = postSolution
		{0B8E5C01-156A-448E-8E83-F8BDEF94C9C4}.Debug|Any CPU.ActiveCfg = Debug|Any CPU
		{0B8E5C01-156A-448E-8E83-F8BDEF94C9C4}.Debug|Any CPU.Build.0 = Debug|Any CPU
		{0B8E5C01-156A-448E-8E83-F8BDEF94C9C4}.Release|Any CPU.ActiveCfg = Release|Any CPU
		{0B8E5C01-156A-448E-8E83-F8BDEF94C9C4}.Release|Any CPU.Build.0 = Release|Any CPU
	EndGlobalSection
	GlobalSection(SolutionProperties) = preSolution
		HideSolutionNode = FALSE
	EndGlobalSection
	GlobalSection(ExtensibilityGlobals) = postSolution
		SolutionGuid = {854151E8-947F-4989-A5EC-046231799B44}
	EndGlobalSection
EndGlobal
